
Microsoft Visual Studio Solution File, Format Version 12.00
Project("{FAE04EC0-301F-11D3-BF4B-00C04F79EFBC}") = "WebTest", "WebTest.csproj", "{35063BC2-FA17-400A-B50F-D3E62F48B7CE}"
EndProject
Global
	GlobalSection(SolutionConfigurationPlatforms) = preSolution
		Debug|Any CPU = Debug|Any CPU
		Release|Any CPU = Release|Any CPU
	EndGlobalSection
	GlobalSection(ProjectConfigurationPlatforms) = postSolution
		{35063BC2-FA17-400A-B50F-D3E62F48B7CE}.Debug|Any CPU.ActiveCfg = Debug|Any CPU
		{35063BC2-FA17-400A-B50F-D3E62F48B7CE}.Debug|Any CPU.Build.0 = Debug|Any CPU
		{35063BC2-FA17-400A-B50F-D3E62F48B7CE}.Release|Any CPU.ActiveCfg = Release|Any CPU
		{35063BC2-FA17-400A-B50F-D3E62F48B7CE}.Release|Any CPU.Build.0 = Release|Any CPU
	EndGlobalSection
EndGlobal
